
Microsoft Visual Studio Solution File, Format Version 12.00
# Visual Studio Version 16
VisualStudioVersion = 16.0.33529.622
MinimumVisualStudioVersion = 10.0.40219.1
Project("{F184B08F-C81C-45F6-A57F-5ABD9991F28F}") = "Basic Hotel Reservation", "Basic Hotel Reservation\Basic Hotel Reservation.vbproj", "{1737A58A-C397-45FB-9764-CE1019B47D3F}"
EndProject
Global
	GlobalSection(SolutionConfigurationPlatforms) = preSolution
		Debug|Any CPU = Debug|Any CPU
		Release|Any CPU = Release|Any CPU
	EndGlobalSection
	GlobalSection(ProjectConfigurationPlatforms) = postSolution
		{1737A58A-C397-45FB-9764-CE1019B47D3F}.Debug|Any CPU.ActiveCfg = Debug|Any CPU
		{1737A58A-C397-45FB-9764-CE1019B47D3F}.Debug|Any CPU.Build.0 = Debug|Any CPU
		{1737A58A-C397-45FB-9764-CE1019B47D3F}.Release|Any CPU.ActiveCfg = Release|Any CPU
		{1737A58A-C397-45FB-9764-CE1019B47D3F}.Release|Any CPU.Build.0 = Release|Any CPU
	EndGlobalSection
	GlobalSection(SolutionProperties) = preSolution
		HideSolutionNode = FALSE
	EndGlobalSection
	GlobalSection(ExtensibilityGlobals) = postSolution
		SolutionGuid = {82ACDFBF-8D3D-4DC2-A5F6-51FC5FA1EE99}
	EndGlobalSection
EndGlobal
